{
  "name": "substrate-telegram-faucet",
  "version": "1.0.0",
  "lockfileVersion": 1,
  "requires": true,
  "dependencies": {
    "@babel/runtime": {
      "version": "7.16.7",
      "resolved": "https://registry.npmmirror.com/@babel/runtime/download/@babel/runtime-7.16.7.tgz",
      "integrity": "sha512-9E9FJowqAsytyOY6LG+1KuueckRL+aQW+mKvXRXnuFGyRAyepJPmEo9vgMfXUA6O9u3IeEdv9MAkppFcaQwogQ==",
      "requires": {
        "regenerator-runtime": "^0.13.4"
      }
    },
    "@noble/hashes": {
      "version": "0.5.7",
      "resolved": "https://registry.npmmirror.com/@noble/hashes/download/@noble/hashes-0.5.7.tgz",
      "integrity": "sha512-R9PPYv7TqoYi+enikzZvwRQesGTxR0+jwqzZJGL0uNcf2NFL+lt/uvCCewtXXmr6jWBxiMuNjBfJwKv9UJaCng=="
    },
    "@noble/secp256k1": {
      "version": "1.3.4",
      "resolved": "https://registry.npmmirror.com/@noble/secp256k1/download/@noble/secp256k1-1.3.4.tgz",
      "integrity": "sha512-ZVRouDO5mbdCiDg4zCd3ZZABduRtpy4tCnB33Gh9upHe9tRzpiqbRSN1VTjrj/2g8u2c6MBi0YLNnNQpBYOiWg=="
    },
    "@polkadot/api": {
      "version": "6.12.1",
      "resolved": "https://registry.npmmirror.com/@polkadot/api/download/@polkadot/api-6.12.1.tgz",
      "integrity": "sha512-RVdTiA2WaEvproM3i6E9TKS1bfXpPd9Ly9lUG/kVLaspjKoIot9DJUDTl97TJ+7xr8LXGbXqm448Ud0hsEBV8Q==",
      "requires": {
        "@babel/runtime": "^7.16.3",
        "@polkadot/api-derive": "6.12.1",
        "@polkadot/keyring": "^8.1.2",
        "@polkadot/rpc-core": "6.12.1",
        "@polkadot/rpc-provider": "6.12.1",
        "@polkadot/types": "6.12.1",
        "@polkadot/types-known": "6.12.1",
        "@polkadot/util": "^8.1.2",
        "@polkadot/util-crypto": "^8.1.2",
        "eventemitter3": "^4.0.7",
        "rxjs": "^7.4.0"
      }
    },
    "@polkadot/api-derive": {
      "version": "6.12.1",
      "resolved": "https://registry.npmmirror.com/@polkadot/api-derive/download/@polkadot/api-derive-6.12.1.tgz",
      "integrity": "sha512-5LOVlG5EBCT+ytY6aHmQ4RdEWZovZQqRoc6DLd5BLhkR7BFTHKSkLQW+89so8jd0zEtmSXBVPPnsrXS8joM35Q==",
      "requires": {
        "@babel/runtime": "^7.16.3",
        "@polkadot/api": "6.12.1",
        "@polkadot/rpc-core": "6.12.1",
        "@polkadot/types": "6.12.1",
        "@polkadot/util": "^8.1.2",
        "@polkadot/util-crypto": "^8.1.2",
        "rxjs": "^7.4.0"
      }
    },
    "@polkadot/keyring": {
      "version": "8.3.3",
      "resolved": "https://registry.npmmirror.com/@polkadot/keyring/download/@polkadot/keyring-8.3.3.tgz",
      "integrity": "sha512-TgoIpaTqn7voT7lDu5W6p0Z+216OImpqtHuaiFy125ekCQurrf9BVIdwp56y5qoFLDAZ5i9gnWHMIgOQ6AJj/Q==",
      "requires": {
        "@babel/runtime": "^7.16.7",
        "@polkadot/util": "8.3.3",
        "@polkadot/util-crypto": "8.3.3"
      }
    },
    "@polkadot/networks": {
      "version": "8.3.3",
      "resolved": "https://registry.npmmirror.com/@polkadot/networks/download/@polkadot/networks-8.3.3.tgz",
      "integrity": "sha512-yj0DMqmzRZbvgaoZztV3/RPgYJjBhT17Dhu+FX/LUJzVbAF/RfjkzNsJT4Ta4kLDxQMYZq1avUac0ia2j9NcNw==",
      "requires": {
        "@babel/runtime": "^7.16.7",
        "@polkadot/util": "8.3.3"
      }
    },
    "@polkadot/rpc-core": {
      "version": "6.12.1",
      "resolved": "https://registry.npmmirror.com/@polkadot/rpc-core/download/@polkadot/rpc-core-6.12.1.tgz",
      "integrity": "sha512-Hb08D9zho3SB1UNlUCmG5q0gdgbOx25JKGLDfSYpD/wtD0Y1Sf2X5cfgtMoSYE3USWiRdCu4BxQkXTiRjPjzJg==",
      "requires": {
        "@babel/runtime": "^7.16.3",
        "@polkadot/rpc-provider": "6.12.1",
        "@polkadot/types": "6.12.1",
        "@polkadot/util": "^8.1.2",
        "rxjs": "^7.4.0"
      }
    },
    "@polkadot/rpc-provider": {
      "version": "6.12.1",
      "resolved": "https://registry.npmmirror.com/@polkadot/rpc-provider/download/@polkadot/rpc-provider-6.12.1.tgz",
      "integrity": "sha512-uUHD3fLTOeZYWJoc6DQlhz+MJR33rVelasV+OxFY2nSD9MSNXRwQh+9UKDQBnyxw5B4BZ2QaEGfucDeavXmVDw==",
      "requires": {
        "@babel/runtime": "^7.16.3",
        "@polkadot/types": "6.12.1",
        "@polkadot/util": "^8.1.2",
        "@polkadot/util-crypto": "^8.1.2",
        "@polkadot/x-fetch": "^8.1.2",
        "@polkadot/x-global": "^8.1.2",
        "@polkadot/x-ws": "^8.1.2",
        "eventemitter3": "^4.0.7"
      }
    },
    "@polkadot/types": {
      "version": "6.12.1",
      "resolved": "https://registry.npmmirror.com/@polkadot/types/download/@polkadot/types-6.12.1.tgz",
      "integrity": "sha512-O37cAGUL0xiXTuO3ySweVh0OuFUD6asrd0TfuzGsEp3jAISWdElEHV5QDiftWq8J9Vf8BMgTcP2QLFbmSusxqA==",
      "requires": {
        "@babel/runtime": "^7.16.3",
        "@polkadot/types-known": "6.12.1",
        "@polkadot/util": "^8.1.2",
        "@polkadot/util-crypto": "^8.1.2",
        "rxjs": "^7.4.0"
      }
    },
    "@polkadot/types-known": {
      "version": "6.12.1",
      "resolved": "https://registry.npmmirror.com/@polkadot/types-known/download/@polkadot/types-known-6.12.1.tgz",
      "integrity": "sha512-Z8bHpPQy+mqUm0uR1tai6ra0bQIoPmgRcGFYUM+rJtW1kx/6kZLh10HAICjLpPeA1cwLRzaxHRDqH5MCU6OgXw==",
      "requires": {
        "@babel/runtime": "^7.16.3",
        "@polkadot/networks": "^8.1.2",
        "@polkadot/types": "6.12.1",
        "@polkadot/util": "^8.1.2"
      }
    },
    "@polkadot/util": {
      "version": "8.3.3",
      "resolved": "https://registry.npmmirror.com/@polkadot/util/download/@polkadot/util-8.3.3.tgz",
      "integrity": "sha512-8u1NShSHrCFeFvxWL8WAyRN8y1/iPvijqYCDeeHziBxCNBrL3VKDc9GNF11skeay/EKQiCHBSBeAYyyQOpLebA==",
      "requires": {
        "@babel/runtime": "^7.16.7",
        "@polkadot/x-bigint": "8.3.3",
        "@polkadot/x-global": "8.3.3",
        "@polkadot/x-textdecoder": "8.3.3",
        "@polkadot/x-textencoder": "8.3.3",
        "@types/bn.js": "^4.11.6",
        "bn.js": "^4.12.0",
        "ip-regex": "^4.3.0"
      }
    },
    "@polkadot/util-crypto": {
      "version": "8.3.3",
      "resolved": "https://registry.npmmirror.com/@polkadot/util-crypto/download/@polkadot/util-crypto-8.3.3.tgz",
      "integrity": "sha512-kXaT2VTEbJq1wNiV0Dz5qJuVWy7pK+x1QLcyWC+6OFERYO+BCp1Y2bTOcLUeF/gyyR/ZaRMMdTyu0ZbHrwH0xg==",
      "requires": {
        "@babel/runtime": "^7.16.7",
        "@noble/hashes": "0.5.7",
        "@noble/secp256k1": "1.3.4",
        "@polkadot/networks": "8.3.3",
        "@polkadot/util": "8.3.3",
        "@polkadot/wasm-crypto": "^4.5.1",
        "@polkadot/x-bigint": "8.3.3",
        "@polkadot/x-randomvalues": "8.3.3",
        "ed2curve": "^0.3.0",
        "micro-base": "^0.10.2",
        "tweetnacl": "^1.0.3"
      }
    },
    "@polkadot/wasm-crypto": {
      "version": "4.5.1",
      "resolved": "https://registry.npmmirror.com/@polkadot/wasm-crypto/download/@polkadot/wasm-crypto-4.5.1.tgz",
      "integrity": "sha512-Cr21ais3Kq3aedIHZ3J1tjgeD/+K8FCiwEawr0oRywNBSJR8wyuZMePs4swR/6xm8wbBkpqoBVHz/UQHqqQJmA==",
      "requires": {
        "@babel/runtime": "^7.16.3",
        "@polkadot/wasm-crypto-asmjs": "^4.5.1",
        "@polkadot/wasm-crypto-wasm": "^4.5.1"
      }
    },
    "@polkadot/wasm-crypto-asmjs": {
      "version": "4.5.1",
      "resolved": "https://registry.npmmirror.com/@polkadot/wasm-crypto-asmjs/download/@polkadot/wasm-crypto-asmjs-4.5.1.tgz",
      "integrity": "sha512-DOdRiWhxVvmqTvp+E9z1j+Yr0zDOGsDvqnT/eNw0Dl1FVUOImsEa7FKns/urASmcxCVEE1jtUWSnij29jrORMQ==",
      "requires": {
        "@babel/runtime": "^7.16.3"
      }
    },
    "@polkadot/wasm-crypto-wasm": {
      "version": "4.5.1",
      "resolved": "https://registry.npmmirror.com/@polkadot/wasm-crypto-wasm/download/@polkadot/wasm-crypto-wasm-4.5.1.tgz",
      "integrity": "sha512-hPwke85HxpgG/RAlwdCE8u5w7bThvWg399mlB+XjogXMxOUWBZSgq2XYbgzROUXx27inK9nStF4Pnc4zJnqs9A==",
      "requires": {
        "@babel/runtime": "^7.16.3"
      }
    },
    "@polkadot/x-bigint": {
      "version": "8.3.3",
      "resolved": "https://registry.npmmirror.com/@polkadot/x-bigint/download/@polkadot/x-bigint-8.3.3.tgz",
      "integrity": "sha512-2CT25f0zN/uhch3KpM38jtQfFJ1zJCNT41exg49ztsOvm4f6l+6hW91NLhNAZ313B/c6Z4Lm3DalsjAOdBZ8Nw==",
      "requires": {
        "@babel/runtime": "^7.16.7",
        "@polkadot/x-global": "8.3.3"
      }
    },
    "@polkadot/x-fetch": {
      "version": "8.3.3",
      "resolved": "https://registry.npmmirror.com/@polkadot/x-fetch/download/@polkadot/x-fetch-8.3.3.tgz",
      "integrity": "sha512-+ScnWnt0i1IF+fM9IC+OnjkTi5NonK+ji8q861hwkNCtK2ziibibcD3mGavCA6wZvij4wUTovWEsTc5Su0+KTA==",
      "requires": {
        "@babel/runtime": "^7.16.7",
        "@polkadot/x-global": "8.3.3",
        "@types/node-fetch": "^2.5.12",
        "node-fetch": "^2.6.7"
      },
      "dependencies": {
        "node-fetch": {
          "version": "2.6.7",
          "resolved": "https://registry.npmmirror.com/node-fetch/download/node-fetch-2.6.7.tgz",
          "integrity": "sha512-ZjMPFEfVx5j+y2yF35Kzx5sF7kDzxuDj6ziH4FFbOp87zKDZNx8yExJIb05OGF4Nlt9IHFIMBkRl41VdvcNdbQ==",
          "requires": {
            "whatwg-url": "^5.0.0"
          }
        }
      }
    },
    "@polkadot/x-global": {
      "version": "8.3.3",
      "resolved": "https://registry.npmmirror.com/@polkadot/x-global/download/@polkadot/x-global-8.3.3.tgz",
      "integrity": "sha512-7DWjcNhTDIpYNiQmLq56o6xYOONr0i6WXdoPUxYrToxZWeWyj/FWaYMfttedLydABPcy87lmvIy8ECp7qCcnyw==",
      "requires": {
        "@babel/runtime": "^7.16.7"
      }
    },
    "@polkadot/x-randomvalues": {
      "version": "8.3.3",
      "resolved": "https://registry.npmmirror.com/@polkadot/x-randomvalues/download/@polkadot/x-randomvalues-8.3.3.tgz",
      "integrity": "sha512-yxM6GWQholf+vY4dHxKVwtJwDzNUz4UJlL/iN3PA0cuhQ37gxmtJugnNAllcFd8LDNXEN47Ky6Ifw1OHHmZaVw==",
      "requires": {
        "@babel/runtime": "^7.16.7",
        "@polkadot/x-global": "8.3.3"
      }
    },
    "@polkadot/x-textdecoder": {
      "version": "8.3.3",
      "resolved": "https://registry.npmmirror.com/@polkadot/x-textdecoder/download/@polkadot/x-textdecoder-8.3.3.tgz",
      "integrity": "sha512-oEvFJv/F+fQ336ciRuJJgJFtfyOX6a2Nyr/5GCkiSQjkEIdnBUuO49yXpHNmQsNI0WndLWIEitiVVa9KuDslYw==",
      "requires": {
        "@babel/runtime": "^7.16.7",
        "@polkadot/x-global": "8.3.3"
      }
    },
    "@polkadot/x-textencoder": {
      "version": "8.3.3",
      "resolved": "https://registry.npmmirror.com/@polkadot/x-textencoder/download/@polkadot/x-textencoder-8.3.3.tgz",
      "integrity": "sha512-acVsJjmlQ7aluUq8JARY2wJAbf+6dvZNoUrvgzdX/jl5MqvqeIXmX3LX71MyidLt27Z537VDgNzWw8V/524AVQ==",
      "requires": {
        "@babel/runtime": "^7.16.7",
        "@polkadot/x-global": "8.3.3"
      }
    },
    "@polkadot/x-ws": {
      "version": "8.3.3",
      "resolved": "https://registry.npmmirror.com/@polkadot/x-ws/download/@polkadot/x-ws-8.3.3.tgz",
      "integrity": "sha512-Dd0kscZSb7MULVqo5isPZyqvErvgE7lYIwZ4IA0rNdgUWi3mrJWeeWrzVMxC6nbg6q1ahIEGxxZLMVzeI3u/Ew==",
      "requires": {
        "@babel/runtime": "^7.16.7",
        "@polkadot/x-global": "8.3.3",
        "@types/websocket": "^1.0.4",
        "websocket": "^1.0.34"
      }
    },
    "@types/bn.js": {
      "version": "4.11.6",
      "resolved": "https://registry.npmmirror.com/@types/bn.js/download/@types/bn.js-4.11.6.tgz",
      "integrity": "sha1-wwbHDZNYquozzU7aCSp0K5UFlnw=",
      "requires": {
        "@types/node": "*"
      }
    },
    "@types/node": {
      "version": "17.0.12",
      "resolved": "https://registry.npmmirror.com/@types/node/download/@types/node-17.0.12.tgz",
      "integrity": "sha512-4YpbAsnJXWYK/fpTVFlMIcUIho2AYCi4wg5aNPrG1ng7fn/1/RZfCIpRCiBX+12RVa34RluilnvCqD+g3KiSiA=="
    },
    "@types/node-fetch": {
      "version": "2.5.12",
      "resolved": "https://registry.nlark.com/@types/node-fetch/download/@types/node-fetch-2.5.12.tgz?cache=0&sync_timestamp=1630688964453&other_urls=https%3A%2F%2Fregistry.nlark.com%2F%40types%2Fnode-fetch%2Fdownload%2F%40types%2Fnode-fetch-2.5.12.tgz",
      "integrity": "sha1-im93mx1OYLelf7b9SNhPtUW5zGY=",
      "requires": {
        "@types/node": "*",
        "form-data": "^3.0.0"
      }
    },
    "@types/websocket": {
      "version": "1.0.4",
      "resolved": "https://registry.npmmirror.com/@types/websocket/download/@types/websocket-1.0.4.tgz",
      "integrity": "sha512-qn1LkcFEKK8RPp459jkjzsfpbsx36BBt3oC3pITYtkoBw/aVX+EZFa5j3ThCRTNpLFvIMr5dSTD4RaMdilIOpA==",
      "requires": {
        "@types/node": "*"
      }
    },
    "asynckit": {
      "version": "0.4.0",
      "resolved": "https://registry.nlark.com/asynckit/download/asynckit-0.4.0.tgz",
      "integrity": "sha1-x57Zf380y48robyXkLzDZkdLS3k="
    },
    "bn.js": {
      "version": "4.12.0",
      "resolved": "https://registry.npm.taobao.org/bn.js/download/bn.js-4.12.0.tgz",
      "integrity": "sha1-d1s/J477uXGO7HNh9IP7Nvu/6og="
    },
    "bufferutil": {
      "version": "4.0.6",
      "resolved": "https://registry.npmmirror.com/bufferutil/download/bufferutil-4.0.6.tgz",
      "integrity": "sha512-jduaYOYtnio4aIAyc6UbvPCVcgq7nYpVnucyxr6eCYg/Woad9Hf/oxxBRDnGGjPfjUm6j5O/uBWhIu4iLebFaw==",
      "requires": {
        "node-gyp-build": "^4.3.0"
      }
    },
    "combined-stream": {
      "version": "1.0.8",
      "resolved": "https://registry.nlark.com/combined-stream/download/combined-stream-1.0.8.tgz",
      "integrity": "sha1-w9RaizT9cwYxoRCoolIGgrMdWn8=",
      "requires": {
        "delayed-stream": "~1.0.0"
      }
    },
    "d": {
      "version": "1.0.1",
      "resolved": "https://registry.npmmirror.com/d/download/d-1.0.1.tgz",
      "integrity": "sha512-m62ShEObQ39CfralilEQRjH6oAMtNCV1xJyEx5LpRYUVN+EviphDgUc/F3hnYbADmkiNs67Y+3ylmlG7Lnu+FA==",
      "requires": {
        "es5-ext": "^0.10.50",
        "type": "^1.0.1"
      }
    },
    "debug": {
      "version": "4.1.1",
      "resolved": "https://registry.npmjs.org/debug/-/debug-4.1.1.tgz",
      "integrity": "sha512-pYAIzeRo8J6KPEaJ0VWOh5Pzkbw/RetuzehGM7QRRX5he4fPHx2rdKMB256ehJCkX+XRQm16eZLqLNS8RSZXZw==",
      "requires": {
        "ms": "^2.1.1"
      }
    },
    "delayed-stream": {
      "version": "1.0.0",
      "resolved": "https://registry.nlark.com/delayed-stream/download/delayed-stream-1.0.0.tgz",
      "integrity": "sha1-3zrhmayt+31ECqrgsp4icrJOxhk="
    },
    "dotenv": {
      "version": "8.2.0",
      "resolved": "https://registry.npmjs.org/dotenv/-/dotenv-8.2.0.tgz",
      "integrity": "sha512-8sJ78ElpbDJBHNeBzUbUVLsqKdccaa/BXF1uPTw3GrvQTBgrQrtObr2mUrE38vzYd8cEv+m/JBfDLioYcfXoaw=="
    },
    "ed2curve": {
      "version": "0.3.0",
      "resolved": "https://registry.nlark.com/ed2curve/download/ed2curve-0.3.0.tgz",
      "integrity": "sha1-MitXUVKkUwVCnVRrBxgjqTEpoF0=",
      "requires": {
        "tweetnacl": "1.x.x"
      }
    },
    "es5-ext": {
      "version": "0.10.53",
      "resolved": "https://registry.nlark.com/es5-ext/download/es5-ext-0.10.53.tgz",
      "integrity": "sha1-k8WjrP2+8nUiCtcmRK0C7hg2jeE=",
      "requires": {
        "es6-iterator": "~2.0.3",
        "es6-symbol": "~3.1.3",
        "next-tick": "~1.0.0"
      }
    },
    "es6-iterator": {
      "version": "2.0.3",
      "resolved": "https://registry.nlark.com/es6-iterator/download/es6-iterator-2.0.3.tgz",
      "integrity": "sha1-p96IkUGgWpSwhUQDstCg+/qY87c=",
      "requires": {
        "d": "1",
        "es5-ext": "^0.10.35",
        "es6-symbol": "^3.1.1"
      }
    },
    "es6-symbol": {
      "version": "3.1.3",
      "resolved": "https://registry.npm.taobao.org/es6-symbol/download/es6-symbol-3.1.3.tgz",
      "integrity": "sha1-utXTwbzawoJp9MszHkMceKxwXRg=",
      "requires": {
        "d": "^1.0.1",
        "ext": "^1.1.2"
      }
    },
    "eventemitter3": {
      "version": "4.0.7",
      "resolved": "https://registry.npmmirror.com/eventemitter3/download/eventemitter3-4.0.7.tgz",
      "integrity": "sha512-8guHBZCwKnFhYdHr2ysuRWErTwhoN2X8XELRlrRwpmfeY2jjuUN4taQMsULKUVo1K4DvZl+0pgfyoysHxvmvEw=="
    },
    "ext": {
      "version": "1.6.0",
      "resolved": "https://registry.npmmirror.com/ext/download/ext-1.6.0.tgz",
      "integrity": "sha1-OHHVBkHodMwXLitT+RmELRnbTFI=",
      "requires": {
        "type": "^2.5.0"
      },
      "dependencies": {
        "type": {
          "version": "2.5.0",
          "resolved": "https://registry.npmmirror.com/type/download/type-2.5.0.tgz",
          "integrity": "sha512-180WMDQaIMm3+7hGXWf12GtdniDEy7nYcyFMKJn/eZz/6tSLXrUN9V0wKSbMjej0I1WHWbpREDEKHtqPQa9NNw=="
        }
      }
    },
    "form-data": {
      "version": "3.0.1",
      "resolved": "https://registry.nlark.com/form-data/download/form-data-3.0.1.tgz",
      "integrity": "sha1-69U3kbeDVqma+aMA1CgsTV65dV8=",
      "requires": {
        "asynckit": "^0.4.0",
        "combined-stream": "^1.0.8",
        "mime-types": "^2.1.12"
      }
    },
    "ip-regex": {
      "version": "4.3.0",
      "resolved": "https://registry.npmmirror.com/ip-regex/download/ip-regex-4.3.0.tgz",
      "integrity": "sha1-aHJ1qw9X+naXj/j03dyKI9WZDbU="
    },
    "is-typedarray": {
      "version": "1.0.0",
      "resolved": "https://registry.nlark.com/is-typedarray/download/is-typedarray-1.0.0.tgz",
      "integrity": "sha1-5HnICFjfDBsR3dppQPlgEfzaSpo="
    },
    "micro-base": {
      "version": "0.10.2",
      "resolved": "https://registry.npmmirror.com/micro-base/download/micro-base-0.10.2.tgz",
      "integrity": "sha512-lqqJrT7lfJtDmmiQ4zRLZuIJBk96t0RAc5pCrrWpL9zDeH5i/SUL85mku9HqzTI/OCZ8EQ3aicbMW+eK5Nyu5w=="
    },
    "mime-db": {
      "version": "1.51.0",
      "resolved": "https://registry.npmmirror.com/mime-db/download/mime-db-1.51.0.tgz?cache=0&sync_timestamp=1636426033377&other_urls=https%3A%2F%2Fregistry.npmmirror.com%2Fmime-db%2Fdownload%2Fmime-db-1.51.0.tgz",
      "integrity": "sha512-5y8A56jg7XVQx2mbv1lu49NR4dokRnhZYTtL+KGfaa27uq4pSTXkwQkFJl4pkRMyNFz/EtYDSkiiEHx3F7UN6g=="
    },
    "mime-types": {
      "version": "2.1.34",
      "resolved": "https://registry.npmmirror.com/mime-types/download/mime-types-2.1.34.tgz?cache=0&sync_timestamp=1636432373429&other_urls=https%3A%2F%2Fregistry.npmmirror.com%2Fmime-types%2Fdownload%2Fmime-types-2.1.34.tgz",
      "integrity": "sha512-6cP692WwGIs9XXdOO4++N+7qjqv0rqxxVvJ3VHPh/Sc9mVZcQP+ZGhkKiTvWMQRr2tbHkJP/Yn7Y0npb3ZBs4A==",
      "requires": {
        "mime-db": "1.51.0"
      }
    },
    "minimist": {
      "version": "1.2.5",
      "resolved": "https://registry.npmjs.org/minimist/-/minimist-1.2.5.tgz",
      "integrity": "sha512-FM9nNUYrRBAELZQT3xeZQ7fmMOBg6nWNmJKTcgsJeaLstP/UODVpGsr5OhXhhXg6f+qtJ8uiZ+PUxkDWcgIXLw=="
    },
    "module-alias": {
      "version": "2.2.2",
      "resolved": "https://registry.npmjs.org/module-alias/-/module-alias-2.2.2.tgz",
      "integrity": "sha512-A/78XjoX2EmNvppVWEhM2oGk3x4lLxnkEA4jTbaK97QKSDjkIoOsKQlfylt/d3kKKi596Qy3NP5XrXJ6fZIC9Q=="
    },
    "ms": {
      "version": "2.1.2",
      "resolved": "https://registry.npmjs.org/ms/-/ms-2.1.2.tgz",
      "integrity": "sha512-sGkPx+VjMtmA6MX27oA4FBFELFCZZ4S4XqeGOXCv68tT+jb3vk/RyaKWP0PTKyWtmLSM0b+adUTEvbs1PEaH2w=="
    },
    "next-tick": {
      "version": "1.0.0",
      "resolved": "https://registry.nlark.com/next-tick/download/next-tick-1.0.0.tgz",
      "integrity": "sha1-yobR/ogoFpsBICCOPchCS524NCw="
    },
    "node-fetch": {
      "version": "2.6.0",
      "resolved": "https://registry.npmjs.org/node-fetch/-/node-fetch-2.6.0.tgz",
      "integrity": "sha512-8dG4H5ujfvFiqDmVu9fQ5bOHUC15JMjMY/Zumv26oOvvVJjM67KF8koCWIabKQ1GJIa9r2mMZscBq/TbdOcmNA=="
    },
    "node-gyp-build": {
      "version": "4.3.0",
      "resolved": "https://registry.nlark.com/node-gyp-build/download/node-gyp-build-4.3.0.tgz?cache=0&sync_timestamp=1631436711963&other_urls=https%3A%2F%2Fregistry.nlark.com%2Fnode-gyp-build%2Fdownload%2Fnode-gyp-build-4.3.0.tgz",
      "integrity": "sha1-nyVrA+WCYVC+Ocdkv1Hpk5RtcaM="
    },
    "regenerator-runtime": {
      "version": "0.13.9",
      "resolved": "https://registry.npmmirror.com/regenerator-runtime/download/regenerator-runtime-0.13.9.tgz",
      "integrity": "sha512-p3VT+cOEgxFsRRA9X4lkI1E+k2/CtnKtU4gcxyaCUreilL/vqI6CdZ3wxVUx3UOUg+gnUOQQcRI7BmSI656MYA=="
    },
    "rxjs": {
      "version": "7.5.2",
      "resolved": "https://registry.npmmirror.com/rxjs/download/rxjs-7.5.2.tgz",
      "integrity": "sha512-PwDt186XaL3QN5qXj/H9DGyHhP3/RYYgZZwqBv9Tv8rsAaiwFH1IsJJlcgD37J7UW5a6O67qX0KWKS3/pu0m4w==",
      "requires": {
        "tslib": "^2.1.0"
      }
    },
    "sandwich-stream": {
      "version": "2.0.2",
      "resolved": "https://registry.npmjs.org/sandwich-stream/-/sandwich-stream-2.0.2.tgz",
      "integrity": "sha512-jLYV0DORrzY3xaz/S9ydJL6Iz7essZeAfnAavsJ+zsJGZ1MOnsS52yRjU3uF3pJa/lla7+wisp//fxOwOH8SKQ=="
    },
    "telegraf": {
      "version": "3.38.0",
      "resolved": "https://registry.npmjs.org/telegraf/-/telegraf-3.38.0.tgz",
      "integrity": "sha512-va4VlrKWp64JrowFoZX/NPzzA6q38kvaIukVXOWFO1V+jR1G8+hCfgJy4TX8Z3rwLJzwaBEet1QhikHDRZWl3A==",
      "requires": {
        "debug": "^4.0.1",
        "minimist": "^1.2.0",
        "module-alias": "^2.2.2",
        "node-fetch": "^2.2.0",
        "sandwich-stream": "^2.0.1",
        "telegram-typings": "^3.6.0"
      }
    },
    "telegram-typings": {
      "version": "3.6.1",
      "resolved": "https://registry.npmjs.org/telegram-typings/-/telegram-typings-3.6.1.tgz",
      "integrity": "sha512-njVv1EAhIZnmQVLocZEADYUyqA1WIXuVcDYlsp+mXua/XB0pxx+PKtMSPeZ/EE4wPWTw9h/hA9ASTT6yQelkiw=="
    },
    "tr46": {
      "version": "0.0.3",
      "resolved": "https://registry.npmmirror.com/tr46/download/tr46-0.0.3.tgz?cache=0&other_urls=https%3A%2F%2Fregistry.npmmirror.com%2Ftr46%2Fdownload%2Ftr46-0.0.3.tgz",
      "integrity": "sha1-gYT9NH2snNwYWZLzpmIuFLnZq2o="
    },
    "tslib": {
      "version": "2.3.1",
      "resolved": "https://registry.npmmirror.com/tslib/download/tslib-2.3.1.tgz",
      "integrity": "sha512-77EbyPPpMz+FRFRuAFlWMtmgUWGe9UOG2Z25NqCwiIjRhOf5iKGuzSe5P2w1laq+FkRy4p+PCuVkJSGkzTEKVw=="
    },
    "tweetnacl": {
      "version": "1.0.3",
      "resolved": "https://registry.nlark.com/tweetnacl/download/tweetnacl-1.0.3.tgz",
      "integrity": "sha1-rAr3FoBFjYpjeNDQ0FCrFAfTVZY="
    },
    "type": {
      "version": "1.2.0",
      "resolved": "https://registry.npmmirror.com/type/download/type-1.2.0.tgz",
      "integrity": "sha512-+5nt5AAniqsCnu2cEQQdpzCAh33kVx8n0VoFidKpB1dVVLAN/F+bgVOqOJqOnEnrhp222clB5p3vUlD+1QAnfg=="
    },
    "typedarray-to-buffer": {
      "version": "3.1.5",
      "resolved": "https://registry.npm.taobao.org/typedarray-to-buffer/download/typedarray-to-buffer-3.1.5.tgz",
      "integrity": "sha1-qX7nqf9CaRufeD/xvFES/j/KkIA=",
      "requires": {
        "is-typedarray": "^1.0.0"
      }
    },
    "utf-8-validate": {
      "version": "5.0.8",
      "resolved": "https://registry.npmmirror.com/utf-8-validate/download/utf-8-validate-5.0.8.tgz",
      "integrity": "sha512-k4dW/Qja1BYDl2qD4tOMB9PFVha/UJtxTc1cXYOe3WwA/2m0Yn4qB7wLMpJyLJ/7DR0XnTut3HsCSzDT4ZvKgA==",
      "requires": {
        "node-gyp-build": "^4.3.0"
      }
    },
    "webidl-conversions": {
      "version": "3.0.1",
      "resolved": "https://registry.nlark.com/webidl-conversions/download/webidl-conversions-3.0.1.tgz",
      "integrity": "sha1-JFNCdeKnvGvnvIZhHMFq4KVlSHE="
    },
    "websocket": {
      "version": "1.0.34",
      "resolved": "https://registry.npmmirror.com/websocket/download/websocket-1.0.34.tgz",
      "integrity": "sha512-PRDso2sGwF6kM75QykIesBijKSVceR6jL2G8NGYyq2XrItNC2P5/qL5XeR056GhA+Ly7JMFvJb9I312mJfmqnQ==",
      "requires": {
        "bufferutil": "^4.0.1",
        "debug": "^2.2.0",
        "es5-ext": "^0.10.50",
        "typedarray-to-buffer": "^3.1.5",
        "utf-8-validate": "^5.0.2",
        "yaeti": "^0.0.6"
      },
      "dependencies": {
        "debug": {
          "version": "2.6.9",
          "resolved": "https://registry.npmmirror.com/debug/download/debug-2.6.9.tgz",
          "integrity": "sha512-bC7ElrdJaJnPbAP+1EotYvqZsb3ecl5wi6Bfi6BJTUcNowp6cvspg0jXznRTKDjm/E7AdgFBVeAPVMNcKGsHMA==",
          "requires": {
            "ms": "2.0.0"
          }
        },
        "ms": {
          "version": "2.0.0",
          "resolved": "https://registry.npmmirror.com/ms/download/ms-2.0.0.tgz",
          "integrity": "sha1-VgiurfwAvmwpAd9fmGF4jeDVl8g="
        }
      }
    },
    "whatwg-url": {
      "version": "5.0.0",
      "resolved": "https://registry.npmmirror.com/whatwg-url/download/whatwg-url-5.0.0.tgz",
      "integrity": "sha1-lmRU6HZUYuN2RNNib2dCzotwll0=",
      "requires": {
        "tr46": "~0.0.3",
        "webidl-conversions": "^3.0.0"
      }
    },
    "yaeti": {
      "version": "0.0.6",
      "resolved": "https://registry.npmmirror.com/yaeti/download/yaeti-0.0.6.tgz",
      "integrity": "sha1-8m9ITXJoTPQr7ft2lwqhYI+/lXc="
    }
  }
}
